// !$*UTF8*$!
{
	archiveVersion = 1;
	classes = {
	};
	objectVersion = 48;
	objects = {

/* Begin PBXBuildFile section */
		46B2485B1F87182C00C9E3BE /* AppDelegate.swift in Sources */ = {isa = PBXBuildFile; fileRef = 46B2485A1F87182C00C9E3BE /* AppDelegate.swift */; };
		46B2485D1F87182C00C9E3BE /* MasterViewController.swift in Sources */ = {isa = PBXBuildFile; fileRef = 46B2485C1F87182C00C9E3BE /* MasterViewController.swift */; };
		46B2485F1F87182C00C9E3BE /* DetailViewController.swift in Sources */ = {isa = PBXBuildFile; fileRef = 46B2485E1F87182C00C9E3BE /* DetailViewController.swift */; };
		46B248621F87182C00C9E3BE /* Main.storyboard in Resources */ = {isa = PBXBuildFile; fileRef = 46B248601F87182C00C9E3BE /* Main.storyboard */; };
		46B248641F87182C00C9E3BE /* Assets.xcassets in Resources */ = {isa = PBXBuildFile; fileRef = 46B248631F87182C00C9E3BE /* Assets.xcassets */; };
		46B248671F87182C00C9E3BE /* LaunchScreen.storyboard in Resources */ = {isa = PBXBuildFile; fileRef = 46B248651F87182C00C9E3BE /* LaunchScreen.storyboard */; };
		46B248721F87182C00C9E3BE /* MeetAnotherTeamTests.swift in Sources */ = {isa = PBXBuildFile; fileRef = 46B248711F87182C00C9E3BE /* MeetAnotherTeamTests.swift */; };
		46B2487D1F87182C00C9E3BE /* MeetAnotherTeamUITests.swift in Sources */ = {isa = PBXBuildFile; fileRef = 46B2487C1F87182C00C9E3BE /* MeetAnotherTeamUITests.swift */; };
		6C46FAD21F8BFCB700243C9A /* TeammateProfileView.swift in Sources */ = {isa = PBXBuildFile; fileRef = 6C46FAD11F8BFCB700243C9A /* TeammateProfileView.swift */; };
		6C46FAD91F8C0AE900243C9A /* TeammateTableViewCell.swift in Sources */ = {isa = PBXBuildFile; fileRef = 6C46FAD81F8C0AE900243C9A /* TeammateTableViewCell.swift */; };
		6C5EBA961F8C143500FDA202 /* Theme.swift in Sources */ = {isa = PBXBuildFile; fileRef = 6C5EBA951F8C143500FDA202 /* Theme.swift */; };
		6C5EBA971F8C6CF100FDA202 /* catTeam.json in Resources */ = {isa = PBXBuildFile; fileRef = 6C46FAD41F8C027100243C9A /* catTeam.json */; };
		6C5EBA981F8C6CF700FDA202 /* Lato-Bold.ttf in Resources */ = {isa = PBXBuildFile; fileRef = 6C46FAD71F8C028700243C9A /* Lato-Bold.ttf */; };
		6C5EBA991F8C6CF700FDA202 /* Lato-Regular.ttf in Resources */ = {isa = PBXBuildFile; fileRef = 6C46FAD51F8C028700243C9A /* Lato-Regular.ttf */; };
		6C5EBA9A1F8C6CF700FDA202 /* Lato-Semibold.ttf in Resources */ = {isa = PBXBuildFile; fileRef = 6C46FAD61F8C028700243C9A /* Lato-Semibold.ttf */; };
/* End PBXBuildFile section */

/* Begin PBXContainerItemProxy section */
		46B2486E1F87182C00C9E3BE /* PBXContainerItemProxy */ = {
			isa = PBXContainerItemProxy;
			containerPortal = 46B2484F1F87182C00C9E3BE /* Project object */;
			proxyType = 1;
			remoteGlobalIDString = 46B248561F87182C00C9E3BE;
			remoteInfo = MeetAnotherTeam;
		};
		46B248791F87182C00C9E3BE /* PBXContainerItemProxy */ = {
			isa = PBXContainerItemProxy;
			containerPortal = 46B2484F1F87182C00C9E3BE /* Project object */;
			proxyType = 1;
			remoteGlobalIDString = 46B248561F87182C00C9E3BE;
			remoteInfo = MeetAnotherTeam;
		};
/* End PBXContainerItemProxy section */

/* Begin PBXFileReference section */
		46B248571F87182C00C9E3BE /* MeetAnotherTeam.app */ = {isa = PBXFileReference; explicitFileType = wrapper.application; includeInIndex = 0; path = MeetAnotherTeam.app; sourceTree = BUILT_PRODUCTS_DIR; };
		46B2485A1F87182C00C9E3BE /* AppDelegate.swift */ = {isa = PBXFileReference; lastKnownFileType = sourcecode.swift; path = AppDelegate.swift; sourceTree = "<group>"; };
		46B2485C1F87182C00C9E3BE /* MasterViewController.swift */ = {isa = PBXFileReference; lastKnownFileType = sourcecode.swift; path = MasterViewController.swift; sourceTree = "<group>"; };
		46B2485E1F87182C00C9E3BE /* DetailViewController.swift */ = {isa = PBXFileReference; lastKnownFileType = sourcecode.swift; path = DetailViewController.swift; sourceTree = "<group>"; };
		46B248611F87182C00C9E3BE /* Base */ = {isa = PBXFileReference; lastKnownFileType = file.storyboard; name = Base; path = Base.lproj/Main.storyboard; sourceTree = "<group>"; };
		46B248631F87182C00C9E3BE /* Assets.xcassets */ = {isa = PBXFileReference; lastKnownFileType = folder.assetcatalog; path = Assets.xcassets; sourceTree = "<group>"; };
		46B248661F87182C00C9E3BE /* Base */ = {isa = PBXFileReference; lastKnownFileType = file.storyboard; name = Base; path = Base.lproj/LaunchScreen.storyboard; sourceTree = "<group>"; };
		46B248681F87182C00C9E3BE /* Info.plist */ = {isa = PBXFileReference; lastKnownFileType = text.plist.xml; path = Info.plist; sourceTree = "<group>"; };
		46B2486D1F87182C00C9E3BE /* MeetAnotherTeamTests.xctest */ = {isa = PBXFileReference; explicitFileType = wrapper.cfbundle; includeInIndex = 0; path = MeetAnotherTeamTests.xctest; sourceTree = BUILT_PRODUCTS_DIR; };
		46B248711F87182C00C9E3BE /* MeetAnotherTeamTests.swift */ = {isa = PBXFileReference; lastKnownFileType = sourcecode.swift; path = MeetAnotherTeamTests.swift; sourceTree = "<group>"; };
		46B248731F87182C00C9E3BE /* Info.plist */ = {isa = PBXFileReference; lastKnownFileType = text.plist.xml; path = Info.plist; sourceTree = "<group>"; };
		46B248781F87182C00C9E3BE /* MeetAnotherTeamUITests.xctest */ = {isa = PBXFileReference; explicitFileType = wrapper.cfbundle; includeInIndex = 0; path = MeetAnotherTeamUITests.xctest; sourceTree = BUILT_PRODUCTS_DIR; };
		46B2487C1F87182C00C9E3BE /* MeetAnotherTeamUITests.swift */ = {isa = PBXFileReference; lastKnownFileType = sourcecode.swift; path = MeetAnotherTeamUITests.swift; sourceTree = "<group>"; };
		46B2487E1F87182C00C9E3BE /* Info.plist */ = {isa = PBXFileReference; lastKnownFileType = text.plist.xml; path = Info.plist; sourceTree = "<group>"; };
		6C46FAD11F8BFCB700243C9A /* TeammateProfileView.swift */ = {isa = PBXFileReference; lastKnownFileType = sourcecode.swift; path = TeammateProfileView.swift; sourceTree = "<group>"; };
		6C46FAD41F8C027100243C9A /* catTeam.json */ = {isa = PBXFileReference; lastKnownFileType = text.json; path = catTeam.json; sourceTree = "<group>"; };
		6C46FAD51F8C028700243C9A /* Lato-Regular.ttf */ = {isa = PBXFileReference; lastKnownFileType = file; path = "Lato-Regular.ttf"; sourceTree = "<group>"; };
		6C46FAD61F8C028700243C9A /* Lato-Semibold.ttf */ = {isa = PBXFileReference; lastKnownFileType = file; path = "Lato-Semibold.ttf"; sourceTree = "<group>"; };
		6C46FAD71F8C028700243C9A /* Lato-Bold.ttf */ = {isa = PBXFileReference; lastKnownFileType = file; path = "Lato-Bold.ttf"; sourceTree = "<group>"; };
		6C46FAD81F8C0AE900243C9A /* TeammateTableViewCell.swift */ = {isa = PBXFileReference; lastKnownFileType = sourcecode.swift; path = TeammateTableViewCell.swift; sourceTree = "<group>"; };
		6C46FAE01F8C0DAC00243C9A /* TeammateTableViewCell.xib */ = {isa = PBXFileReference; lastKnownFileType = file.xib; path = TeammateTableViewCell.xib; sourceTree = "<group>"; };
		6C5EBA951F8C143500FDA202 /* Theme.swift */ = {isa = PBXFileReference; lastKnownFileType = sourcecode.swift; path = Theme.swift; sourceTree = "<group>"; };
/* End PBXFileReference section */

/* Begin PBXFrameworksBuildPhase section */
		46B248541F87182C00C9E3BE /* Frameworks */ = {
			isa = PBXFrameworksBuildPhase;
			buildActionMask = 2147483647;
			files = (
			);
			runOnlyForDeploymentPostprocessing = 0;
		};
		46B2486A1F87182C00C9E3BE /* Frameworks */ = {
			isa = PBXFrameworksBuildPhase;
			buildActionMask = 2147483647;
			files = (
			);
			runOnlyForDeploymentPostprocessing = 0;
		};
		46B248751F87182C00C9E3BE /* Frameworks */ = {
			isa = PBXFrameworksBuildPhase;
			buildActionMask = 2147483647;
			files = (
			);
			runOnlyForDeploymentPostprocessing = 0;
		};
/* End PBXFrameworksBuildPhase section */

/* Begin PBXGroup section */
		46B2484E1F87182C00C9E3BE = {
			isa = PBXGroup;
			children = (
				46B248591F87182C00C9E3BE /* MeetAnotherTeam */,
				46B248701F87182C00C9E3BE /* MeetAnotherTeamTests */,
				46B2487B1F87182C00C9E3BE /* MeetAnotherTeamUITests */,
				46B248581F87182C00C9E3BE /* Products */,
			);
			sourceTree = "<group>";
		};
		46B248581F87182C00C9E3BE /* Products */ = {
			isa = PBXGroup;
			children = (
				46B248571F87182C00C9E3BE /* MeetAnotherTeam.app */,
				46B2486D1F87182C00C9E3BE /* MeetAnotherTeamTests.xctest */,
				46B248781F87182C00C9E3BE /* MeetAnotherTeamUITests.xctest */,
			);
			name = Products;
			sourceTree = "<group>";
		};
		46B248591F87182C00C9E3BE /* MeetAnotherTeam */ = {
			isa = PBXGroup;
			children = (
				6C46FAD31F8C024D00243C9A /* Assets */,
				46B2485A1F87182C00C9E3BE /* AppDelegate.swift */,
				46B2485C1F87182C00C9E3BE /* MasterViewController.swift */,
				6C5EBA951F8C143500FDA202 /* Theme.swift */,
				6C46FADC1F8C0C1D00243C9A /* TableViewCell */,
				46B2485E1F87182C00C9E3BE /* DetailViewController.swift */,
				6C46FAD11F8BFCB700243C9A /* TeammateProfileView.swift */,
				46B248601F87182C00C9E3BE /* Main.storyboard */,
				46B248631F87182C00C9E3BE /* Assets.xcassets */,
				46B248651F87182C00C9E3BE /* LaunchScreen.storyboard */,
				46B248681F87182C00C9E3BE /* Info.plist */,
			);
			path = MeetAnotherTeam;
			sourceTree = "<group>";
		};
		46B248701F87182C00C9E3BE /* MeetAnotherTeamTests */ = {
			isa = PBXGroup;
			children = (
				46B248711F87182C00C9E3BE /* MeetAnotherTeamTests.swift */,
				46B248731F87182C00C9E3BE /* Info.plist */,
			);
			path = MeetAnotherTeamTests;
			sourceTree = "<group>";
		};
		46B2487B1F87182C00C9E3BE /* MeetAnotherTeamUITests */ = {
			isa = PBXGroup;
			children = (
				46B2487C1F87182C00C9E3BE /* MeetAnotherTeamUITests.swift */,
				46B2487E1F87182C00C9E3BE /* Info.plist */,
			);
			path = MeetAnotherTeamUITests;
			sourceTree = "<group>";
		};
		6C46FAD31F8C024D00243C9A /* Assets */ = {
			isa = PBXGroup;
			children = (
				6C46FAD41F8C027100243C9A /* catTeam.json */,
				6C46FAD71F8C028700243C9A /* Lato-Bold.ttf */,
				6C46FAD51F8C028700243C9A /* Lato-Regular.ttf */,
				6C46FAD61F8C028700243C9A /* Lato-Semibold.ttf */,
			);
			path = Assets;
			sourceTree = "<group>";
		};
		6C46FADC1F8C0C1D00243C9A /* TableViewCell */ = {
			isa = PBXGroup;
			children = (
				6C46FAD81F8C0AE900243C9A /* TeammateTableViewCell.swift */,
				6C46FAE01F8C0DAC00243C9A /* TeammateTableViewCell.xib */,
			);
			path = TableViewCell;
			sourceTree = "<group>";
		};
/* End PBXGroup section */

/* Begin PBXNativeTarget section */
		46B248561F87182C00C9E3BE /* MeetAnotherTeam */ = {
			isa = PBXNativeTarget;
			buildConfigurationList = 46B248811F87182C00C9E3BE /* Build configuration list for PBXNativeTarget "MeetAnotherTeam" */;
			buildPhases = (
				46B248531F87182C00C9E3BE /* Sources */,
				46B248541F87182C00C9E3BE /* Frameworks */,
				46B248551F87182C00C9E3BE /* Resources */,
			);
			buildRules = (
			);
			dependencies = (
			);
			name = MeetAnotherTeam;
			productName = MeetAnotherTeam;
			productReference = 46B248571F87182C00C9E3BE /* MeetAnotherTeam.app */;
			productType = "com.apple.product-type.application";
		};
		46B2486C1F87182C00C9E3BE /* MeetAnotherTeamTests */ = {
			isa = PBXNativeTarget;
			buildConfigurationList = 46B248841F87182C00C9E3BE /* Build configuration list for PBXNativeTarget "MeetAnotherTeamTests" */;
			buildPhases = (
				46B248691F87182C00C9E3BE /* Sources */,
				46B2486A1F87182C00C9E3BE /* Frameworks */,
				46B2486B1F87182C00C9E3BE /* Resources */,
			);
			buildRules = (
			);
			dependencies = (
				46B2486F1F87182C00C9E3BE /* PBXTargetDependency */,
			);
			name = MeetAnotherTeamTests;
			productName = MeetAnotherTeamTests;
			productReference = 46B2486D1F87182C00C9E3BE /* MeetAnotherTeamTests.xctest */;
			productType = "com.apple.product-type.bundle.unit-test";
		};
		46B248771F87182C00C9E3BE /* MeetAnotherTeamUITests */ = {
			isa = PBXNativeTarget;
			buildConfigurationList = 46B248871F87182C00C9E3BE /* Build configuration list for PBXNativeTarget "MeetAnotherTeamUITests" */;
			buildPhases = (
				46B248741F87182C00C9E3BE /* Sources */,
				46B248751F87182C00C9E3BE /* Frameworks */,
				46B248761F87182C00C9E3BE /* Resources */,
			);
			buildRules = (
			);
			dependencies = (
				46B2487A1F87182C00C9E3BE /* PBXTargetDependency */,
			);
			name = MeetAnotherTeamUITests;
			productName = MeetAnotherTeamUITests;
			productReference = 46B248781F87182C00C9E3BE /* MeetAnotherTeamUITests.xctest */;
			productType = "com.apple.product-type.bundle.ui-testing";
		};
/* End PBXNativeTarget section */

/* Begin PBXProject section */
		46B2484F1F87182C00C9E3BE /* Project object */ = {
			isa = PBXProject;
			attributes = {
				LastSwiftUpdateCheck = 0900;
				LastUpgradeCheck = 0900;
				ORGANIZATIONNAME = "12 Triangles";
				TargetAttributes = {
					46B248561F87182C00C9E3BE = {
						CreatedOnToolsVersion = 9.0;
						ProvisioningStyle = Automatic;
					};
					46B2486C1F87182C00C9E3BE = {
						CreatedOnToolsVersion = 9.0;
						ProvisioningStyle = Automatic;
						TestTargetID = 46B248561F87182C00C9E3BE;
					};
					46B248771F87182C00C9E3BE = {
						CreatedOnToolsVersion = 9.0;
						ProvisioningStyle = Automatic;
						TestTargetID = 46B248561F87182C00C9E3BE;
					};
				};
			};
			buildConfigurationList = 46B248521F87182C00C9E3BE /* Build configuration list for PBXProject "MeetAnotherTeam" */;
			compatibilityVersion = "Xcode 8.0";
			developmentRegion = en;
			hasScannedForEncodings = 0;
			knownRegions = (
				en,
				Base,
			);
			mainGroup = 46B2484E1F87182C00C9E3BE;
			productRefGroup = 46B248581F87182C00C9E3BE /* Products */;
			projectDirPath = "";
			projectRoot = "";
			targets = (
				46B248561F87182C00C9E3BE /* MeetAnotherTeam */,
				46B2486C1F87182C00C9E3BE /* MeetAnotherTeamTests */,
				46B248771F87182C00C9E3BE /* MeetAnotherTeamUITests */,
			);
		};
/* End PBXProject section */

/* Begin PBXResourcesBuildPhase section */
		46B248551F87182C00C9E3BE /* Resources */ = {
			isa = PBXResourcesBuildPhase;
			buildActionMask = 2147483647;
			files = (
				6C5EBA9A1F8C6CF700FDA202 /* Lato-Semibold.ttf in Resources */,
				46B248671F87182C00C9E3BE /* LaunchScreen.storyboard in Resources */,
				6C5EBA991F8C6CF700FDA202 /* Lato-Regular.ttf in Resources */,
				6C5EBA981F8C6CF700FDA202 /* Lato-Bold.ttf in Resources */,
				46B248641F87182C00C9E3BE /* Assets.xcassets in Resources */,
				46B248621F87182C00C9E3BE /* Main.storyboard in Resources */,
				6C5EBA971F8C6CF100FDA202 /* catTeam.json in Resources */,
			);
			runOnlyForDeploymentPostprocessing = 0;
		};
		46B2486B1F87182C00C9E3BE /* Resources */ = {
			isa = PBXResourcesBuildPhase;
			buildActionMask = 2147483647;
			files = (
			);
			runOnlyForDeploymentPostprocessing = 0;
		};
		46B248761F87182C00C9E3BE /* Resources */ = {
			isa = PBXResourcesBuildPhase;
			buildActionMask = 2147483647;
			files = (
			);
			runOnlyForDeploymentPostprocessing = 0;
		};
/* End PBXResourcesBuildPhase section */

/* Begin PBXSourcesBuildPhase section */
		46B248531F87182C00C9E3BE /* Sources */ = {
			isa = PBXSourcesBuildPhase;
			buildActionMask = 2147483647;
			files = (
				6C46FAD91F8C0AE900243C9A /* TeammateTableViewCell.swift in Sources */,
				46B2485F1F87182C00C9E3BE /* DetailViewController.swift in Sources */,
				46B2485D1F87182C00C9E3BE /* MasterViewController.swift in Sources */,
				6C5EBA961F8C143500FDA202 /* Theme.swift in Sources */,
				6C46FAD21F8BFCB700243C9A /* TeammateProfileView.swift in Sources */,
				46B2485B1F87182C00C9E3BE /* AppDelegate.swift in Sources */,
			);
			runOnlyForDeploymentPostprocessing = 0;
		};
		46B248691F87182C00C9E3BE /* Sources */ = {
			isa = PBXSourcesBuildPhase;
			buildActionMask = 2147483647;
			files = (
				46B248721F87182C00C9E3BE /* MeetAnotherTeamTests.swift in Sources */,
			);
			runOnlyForDeploymentPostprocessing = 0;
		};
		46B248741F87182C00C9E3BE /* Sources */ = {
			isa = PBXSourcesBuildPhase;
			buildActionMask = 2147483647;
			files = (
				46B2487D1F87182C00C9E3BE /* MeetAnotherTeamUITests.swift in Sources */,
			);
			runOnlyForDeploymentPostprocessing = 0;
		};
/* End PBXSourcesBuildPhase section */

/* Begin PBXTargetDependency section */
		46B2486F1F87182C00C9E3BE /* PBXTargetDependency */ = {
			isa = PBXTargetDependency;
			target = 46B248561F87182C00C9E3BE /* MeetAnotherTeam */;
			targetProxy = 46B2486E1F87182C00C9E3BE /* PBXContainerItemProxy */;
		};
		46B2487A1F87182C00C9E3BE /* PBXTargetDependency */ = {
			isa = PBXTargetDependency;
			target = 46B248561F87182C00C9E3BE /* MeetAnotherTeam */;
			targetProxy = 46B248791F87182C00C9E3BE /* PBXContainerItemProxy */;
		};
/* End PBXTargetDependency section */

/* Begin PBXVariantGroup section */
		46B248601F87182C00C9E3BE /* Main.storyboard */ = {
			isa = PBXVariantGroup;
			children = (
				46B248611F87182C00C9E3BE /* Base */,
			);
			name = Main.storyboard;
			sourceTree = "<group>";
		};
		46B248651F87182C00C9E3BE /* LaunchScreen.storyboard */ = {
			isa = PBXVariantGroup;
			children = (
				46B248661F87182C00C9E3BE /* Base */,
			);
			name = LaunchScreen.storyboard;
			sourceTree = "<group>";
		};
/* End PBXVariantGroup section */

/* Begin XCBuildConfiguration section */
		46B2487F1F87182C00C9E3BE /* Debug */ = {
			isa = XCBuildConfiguration;
			buildSettings = {
				ALWAYS_SEARCH_USER_PATHS = NO;
				CLANG_ANALYZER_NONNULL = YES;
				CLANG_ANALYZER_NUMBER_OBJECT_CONVERSION = YES_AGGRESSIVE;
				CLANG_CXX_LANGUAGE_STANDARD = "gnu++14";
				CLANG_CXX_LIBRARY = "libc++";
				CLANG_ENABLE_MODULES = YES;
				CLANG_ENABLE_OBJC_ARC = YES;
				CLANG_WARN_BLOCK_CAPTURE_AUTORELEASING = YES;
				CLANG_WARN_BOOL_CONVERSION = YES;
				CLANG_WARN_COMMA = YES;
				CLANG_WARN_CONSTANT_CONVERSION = YES;
				CLANG_WARN_DIRECT_OBJC_ISA_USAGE = YES_ERROR;
				CLANG_WARN_DOCUMENTATION_COMMENTS = YES;
				CLANG_WARN_EMPTY_BODY = YES;
				CLANG_WARN_ENUM_CONVERSION = YES;
				CLANG_WARN_INFINITE_RECURSION = YES;
				CLANG_WARN_INT_CONVERSION = YES;
				CLANG_WARN_NON_LITERAL_NULL_CONVERSION = YES;
				CLANG_WARN_OBJC_LITERAL_CONVERSION = YES;
				CLANG_WARN_OBJC_ROOT_CLASS = YES_ERROR;
				CLANG_WARN_RANGE_LOOP_ANALYSIS = YES;
				CLANG_WARN_STRICT_PROTOTYPES = YES;
				CLANG_WARN_SUSPICIOUS_MOVE = YES;
				CLANG_WARN_UNGUARDED_AVAILABILITY = YES_AGGRESSIVE;
				CLANG_WARN_UNREACHABLE_CODE = YES;
				CLANG_WARN__DUPLICATE_METHOD_MATCH = YES;
				CODE_SIGN_IDENTITY = "iPhone Developer";
				COPY_PHASE_STRIP = NO;
				DEBUG_INFORMATION_FORMAT = dwarf;
				ENABLE_STRICT_OBJC_MSGSEND = YES;
				ENABLE_TESTABILITY = YES;
				GCC_C_LANGUAGE_STANDARD = gnu11;
				GCC_DYNAMIC_NO_PIC = NO;
				GCC_NO_COMMON_BLOCKS = YES;
				GCC_OPTIMIZATION_LEVEL = 0;
				GCC_PREPROCESSOR_DEFINITIONS = (
					"DEBUG=1",
					"$(inherited)",
				);
				GCC_WARN_64_TO_32_BIT_CONVERSION = YES;
				GCC_WARN_ABOUT_RETURN_TYPE = YES_ERROR;
				GCC_WARN_UNDECLARED_SELECTOR = YES;
				GCC_WARN_UNINITIALIZED_AUTOS = YES_AGGRESSIVE;
				GCC_WARN_UNUSED_FUNCTION = YES;
				GCC_WARN_UNUSED_VARIABLE = YES;
				IPHONEOS_DEPLOYMENT_TARGET = 11.0;
				MTL_ENABLE_DEBUG_INFO = YES;
				ONLY_ACTIVE_ARCH = YES;
				SDKROOT = iphoneos;
				SWIFT_ACTIVE_COMPILATION_CONDITIONS = DEBUG;
				SWIFT_OPTIMIZATION_LEVEL = "-Onone";
			};
			name = Debug;
		};
		46B248801F87182C00C9E3BE /* Release */ = {
			isa = XCBuildConfiguration;
			buildSettings = {
				ALWAYS_SEARCH_USER_PATHS = NO;
				CLANG_ANALYZER_NONNULL = YES;
				CLANG_ANALYZER_NUMBER_OBJECT_CONVERSION = YES_AGGRESSIVE;
				CLANG_CXX_LANGUAGE_STANDARD = "gnu++14";
				CLANG_CXX_LIBRARY = "libc++";
				CLANG_ENABLE_MODULES = YES;
				CLANG_ENABLE_OBJC_ARC = YES;
				CLANG_WARN_BLOCK_CAPTURE_AUTORELEASING = YES;
				CLANG_WARN_BOOL_CONVERSION = YES;
				CLANG_WARN_COMMA = YES;
				CLANG_WARN_CONSTANT_CONVERSION = YES;
				CLANG_WARN_DIRECT_OBJC_ISA_USAGE = YES_ERROR;
				CLANG_WARN_DOCUMENTATION_COMMENTS = YES;
				CLANG_WARN_EMPTY_BODY = YES;
				CLANG_WARN_ENUM_CONVERSION = YES;
				CLANG_WARN_INFINITE_RECURSION = YES;
				CLANG_WARN_INT_CONVERSION = YES;
				CLANG_WARN_NON_LITERAL_NULL_CONVERSION = YES;
				CLANG_WARN_OBJC_LITERAL_CONVERSION = YES;
				CLANG_WARN_OBJC_ROOT_CLASS = YES_ERROR;
				CLANG_WARN_RANGE_LOOP_ANALYSIS = YES;
				CLANG_WARN_STRICT_PROTOTYPES = YES;
				CLANG_WARN_SUSPICIOUS_MOVE = YES;
				CLANG_WARN_UNGUARDED_AVAILABILITY = YES_AGGRESSIVE;
				CLANG_WARN_UNREACHABLE_CODE = YES;
				CLANG_WARN__DUPLICATE_METHOD_MATCH = YES;
				CODE_SIGN_IDENTITY = "iPhone Developer";
				COPY_PHASE_STRIP = NO;
				DEBUG_INFORMATION_FORMAT = "dwarf-with-dsym";
				ENABLE_NS_ASSERTIONS = NO;
				ENABLE_STRICT_OBJC_MSGSEND = YES;
				GCC_C_LANGUAGE_STANDARD = gnu11;
				GCC_NO_COMMON_BLOCKS = YES;
				GCC_WARN_64_TO_32_BIT_CONVERSION = YES;
				GCC_WARN_ABOUT_RETURN_TYPE = YES_ERROR;
				GCC_WARN_UNDECLARED_SELECTOR = YES;
				GCC_WARN_UNINITIALIZED_AUTOS = YES_AGGRESSIVE;
				GCC_WARN_UNUSED_FUNCTION = YES;
				GCC_WARN_UNUSED_VARIABLE = YES;
				IPHONEOS_DEPLOYMENT_TARGET = 11.0;
				MTL_ENABLE_DEBUG_INFO = NO;
				SDKROOT = iphoneos;
				SWIFT_OPTIMIZATION_LEVEL = "-Owholemodule";
				VALIDATE_PRODUCT = YES;
			};
			name = Release;
		};
		46B248821F87182C00C9E3BE /* Debug */ = {
			isa = XCBuildConfiguration;
			buildSettings = {
				ASSETCATALOG_COMPILER_APPICON_NAME = AppIcon;
				CODE_SIGN_STYLE = Automatic;
				INFOPLIST_FILE = MeetAnotherTeam/Info.plist;
				LD_RUNPATH_SEARCH_PATHS = "$(inherited) @executable_path/Frameworks";
				PRODUCT_BUNDLE_IDENTIFIER = "com.12-Triangles.MeetAnotherTeam";
				PRODUCT_NAME = "$(TARGET_NAME)";
				SWIFT_VERSION = 4.0;
				TARGETED_DEVICE_FAMILY = "1,2";
			};
			name = Debug;
		};
		46B248831F87182C00C9E3BE /* Release */ = {
			isa = XCBuildConfiguration;
			buildSettings = {
				ASSETCATALOG_COMPILER_APPICON_NAME = AppIcon;
				CODE_SIGN_STYLE = Automatic;
				INFOPLIST_FILE = MeetAnotherTeam/Info.plist;
				LD_RUNPATH_SEARCH_PATHS = "$(inherited) @executable_path/Frameworks";
				PRODUCT_BUNDLE_IDENTIFIER = "com.12-Triangles.MeetAnotherTeam";
				PRODUCT_NAME = "$(TARGET_NAME)";
				SWIFT_VERSION = 4.0;
				TARGETED_DEVICE_FAMILY = "1,2";
			};
			name = Release;
		};
		46B248851F87182C00C9E3BE /* Debug */ = {
			isa = XCBuildConfiguration;
			buildSettings = {
				ALWAYS_EMBED_SWIFT_STANDARD_LIBRARIES = YES;
				BUNDLE_LOADER = "$(TEST_HOST)";
				CODE_SIGN_STYLE = Automatic;
				INFOPLIST_FILE = MeetAnotherTeamTests/Info.plist;
				LD_RUNPATH_SEARCH_PATHS = "$(inherited) @executable_path/Frameworks @loader_path/Frameworks";
				PRODUCT_BUNDLE_IDENTIFIER = "com.12-Triangles.MeetAnotherTeamTests";
				PRODUCT_NAME = "$(TARGET_NAME)";
				SWIFT_VERSION = 4.0;
				TARGETED_DEVICE_FAMILY = "1,2";
				TEST_HOST = "$(BUILT_PRODUCTS_DIR)/MeetAnotherTeam.app/MeetAnotherTeam";
			};
			name = Debug;
		};
		46B248861F87182C00C9E3BE /* Release */ = {
			isa = XCBuildConfiguration;
			buildSettings = {
				ALWAYS_EMBED_SWIFT_STANDARD_LIBRARIES = YES;
				BUNDLE_LOADER = "$(TEST_HOST)";
				CODE_SIGN_STYLE = Automatic;
				INFOPLIST_FILE = MeetAnotherTeamTests/Info.plist;
				LD_RUNPATH_SEARCH_PATHS = "$(inherited) @executable_path/Frameworks @loader_path/Frameworks";
				PRODUCT_BUNDLE_IDENTIFIER = "com.12-Triangles.MeetAnotherTeamTests";
				PRODUCT_NAME = "$(TARGET_NAME)";
				SWIFT_VERSION = 4.0;
				TARGETED_DEVICE_FAMILY = "1,2";
				TEST_HOST = "$(BUILT_PRODUCTS_DIR)/MeetAnotherTeam.app/MeetAnotherTeam";
			};
			name = Release;
		};
		46B248881F87182C00C9E3BE /* Debug */ = {
			isa = XCBuildConfiguration;
			buildSettings = {
				ALWAYS_EMBED_SWIFT_STANDARD_LIBRARIES = YES;
				CODE_SIGN_STYLE = Automatic;
				INFOPLIST_FILE = MeetAnotherTeamUITests/Info.plist;
				LD_RUNPATH_SEARCH_PATHS = "$(inherited) @executable_path/Frameworks @loader_path/Frameworks";
				PRODUCT_BUNDLE_IDENTIFIER = "com.12-Triangles.MeetAnotherTeamUITests";
				PRODUCT_NAME = "$(TARGET_NAME)";
				SWIFT_VERSION = 4.0;
				TARGETED_DEVICE_FAMILY = "1,2";
				TEST_TARGET_NAME = MeetAnotherTeam;
			};
			name = Debug;
		};
		46B248891F87182C00C9E3BE /* Release */ = {
			isa = XCBuildConfiguration;
			buildSettings = {
				ALWAYS_EMBED_SWIFT_STANDARD_LIBRARIES = YES;
				CODE_SIGN_STYLE = Automatic;
				INFOPLIST_FILE = MeetAnotherTeamUITests/Info.plist;
				LD_RUNPATH_SEARCH_PATHS = "$(inherited) @executable_path/Frameworks @loader_path/Frameworks";
				PRODUCT_BUNDLE_IDENTIFIER = "com.12-Triangles.MeetAnotherTeamUITests";
				PRODUCT_NAME = "$(TARGET_NAME)";
				SWIFT_VERSION = 4.0;
				TARGETED_DEVICE_FAMILY = "1,2";
				TEST_TARGET_NAME = MeetAnotherTeam;
			};
			name = Release;
		};
/* End XCBuildConfiguration section */

/* Begin XCConfigurationList section */
		46B248521F87182C00C9E3BE /* Build configuration list for PBXProject "MeetAnotherTeam" */ = {
			isa = XCConfigurationList;
			buildConfigurations = (
				46B2487F1F87182C00C9E3BE /* Debug */,
				46B248801F87182C00C9E3BE /* Release */,
			);
			defaultConfigurationIsVisible = 0;
			defaultConfigurationName = Release;
		};
		46B248811F87182C00C9E3BE /* Build configuration list for PBXNativeTarget "MeetAnotherTeam" */ = {
			isa = XCConfigurationList;
			buildConfigurations = (
				46B248821F87182C00C9E3BE /* Debug */,
				46B248831F87182C00C9E3BE /* Release */,
			);
			defaultConfigurationIsVisible = 0;
			defaultConfigurationName = Release;
		};
		46B248841F87182C00C9E3BE /* Build configuration list for PBXNativeTarget "MeetAnotherTeamTests" */ = {
			isa = XCConfigurationList;
			buildConfigurations = (
				46B248851F87182C00C9E3BE /* Debug */,
				46B248861F87182C00C9E3BE /* Release */,
			);
			defaultConfigurationIsVisible = 0;
			defaultConfigurationName = Release;
		};
		46B248871F87182C00C9E3BE /* Build configuration list for PBXNativeTarget "MeetAnotherTeamUITests" */ = {
			isa = XCConfigurationList;
			buildConfigurations = (
				46B248881F87182C00C9E3BE /* Debug */,
				46B248891F87182C00C9E3BE /* Release */,
			);
			defaultConfigurationIsVisible = 0;
			defaultConfigurationName = Release;
		};
/* End XCConfigurationList section */
	};
	rootObject = 46B2484F1F87182C00C9E3BE /* Project object */;
}
